// !$*UTF8*$!
{
	archiveVersion = 1;
	classes = {
	};
	objectVersion = 46;
	objects = {

/* Begin PBXBuildFile section */
		6BB486ED1C8432AD009E400F /* AppDelegate.swift in Sources */ = {isa = PBXBuildFile; fileRef = 6BB486EC1C8432AD009E400F /* AppDelegate.swift */; };
		6BB486EF1C8432AD009E400F /* ViewController.swift in Sources */ = {isa = PBXBuildFile; fileRef = 6BB486EE1C8432AD009E400F /* ViewController.swift */; };
		6BB486F21C8432AD009E400F /* Main.storyboard in Resources */ = {isa = PBXBuildFile; fileRef = 6BB486F01C8432AD009E400F /* Main.storyboard */; };
		6BB486F41C8432AD009E400F /* Images.xcassets in Resources */ = {isa = PBXBuildFile; fileRef = 6BB486F31C8432AD009E400F /* Images.xcassets */; };
		6BB486F71C8432AD009E400F /* LaunchScreen.xib in Resources */ = {isa = PBXBuildFile; fileRef = 6BB486F51C8432AD009E400F /* LaunchScreen.xib */; };
		6BB487031C8432AD009E400F /* HelloIOSTests.swift in Sources */ = {isa = PBXBuildFile; fileRef = 6BB487021C8432AD009E400F /* HelloIOSTests.swift */; };
/* End PBXBuildFile section */

/* Begin PBXContainerItemProxy section */
		6BB486FD1C8432AD009E400F /* PBXContainerItemProxy */ = {
			isa = PBXContainerItemProxy;
			containerPortal = 6BB486DF1C8432AD009E400F /* Project object */;
			proxyType = 1;
			remoteGlobalIDString = 6BB486E61C8432AD009E400F;
			remoteInfo = HelloIOS;
		};
/* End PBXContainerItemProxy section */

/* Begin PBXFileReference section */
		6BB486E71C8432AD009E400F /* HelloIOS.app */ = {isa = PBXFileReference; explicitFileType = wrapper.application; includeInIndex = 0; path = HelloIOS.app; sourceTree = BUILT_PRODUCTS_DIR; };
		6BB486EB1C8432AD009E400F /* Info.plist */ = {isa = PBXFileReference; lastKnownFileType = text.plist.xml; path = Info.plist; sourceTree = "<group>"; };
		6BB486EC1C8432AD009E400F /* AppDelegate.swift */ = {isa = PBXFileReference; lastKnownFileType = sourcecode.swift; path = AppDelegate.swift; sourceTree = "<group>"; };
		6BB486EE1C8432AD009E400F /* ViewController.swift */ = {isa = PBXFileReference; lastKnownFileType = sourcecode.swift; path = ViewController.swift; sourceTree = "<group>"; };
		6BB486F11C8432AD009E400F /* Base */ = {isa = PBXFileReference; lastKnownFileType = file.storyboard; name = Base; path = Base.lproj/Main.storyboard; sourceTree = "<group>"; };
		6BB486F31C8432AD009E400F /* Images.xcassets */ = {isa = PBXFileReference; lastKnownFileType = folder.assetcatalog; path = Images.xcassets; sourceTree = "<group>"; };
		6BB486F61C8432AD009E400F /* Base */ = {isa = PBXFileReference; lastKnownFileType = file.xib; name = Base; path = Base.lproj/LaunchScreen.xib; sourceTree = "<group>"; };
		6BB486FC1C8432AD009E400F /* HelloIOSTests.xctest */ = {isa = PBXFileReference; explicitFileType = wrapper.cfbundle; includeInIndex = 0; path = HelloIOSTests.xctest; sourceTree = BUILT_PRODUCTS_DIR; };
		6BB487011C8432AD009E400F /* Info.plist */ = {isa = PBXFileReference; lastKnownFileType = text.plist.xml; path = Info.plist; sourceTree = "<group>"; };
		6BB487021C8432AD009E400F /* HelloIOSTests.swift */ = {isa = PBXFileReference; lastKnownFileType = sourcecode.swift; path = HelloIOSTests.swift; sourceTree = "<group>"; };
/* End PBXFileReference section */

/* Begin PBXFrameworksBuildPhase section */
		6BB486E41C8432AD009E400F /* Frameworks */ = {
			isa = PBXFrameworksBuildPhase;
			buildActionMask = 2147483647;
			files = (
			);
			runOnlyForDeploymentPostprocessing = 0;
		};
		6BB486F91C8432AD009E400F /* Frameworks */ = {
			isa = PBXFrameworksBuildPhase;
			buildActionMask = 2147483647;
			files = (
			);
			runOnlyForDeploymentPostprocessing = 0;
		};
/* End PBXFrameworksBuildPhase section */

/* Begin PBXGroup section */
		6BB486DE1C8432AD009E400F = {
			isa = PBXGroup;
			children = (
				6BB486E91C8432AD009E400F /* HelloIOS */,
				6BB486FF1C8432AD009E400F /* HelloIOSTests */,
				6BB486E81C8432AD009E400F /* Products */,
			);
			sourceTree = "<group>";
		};
		6BB486E81C8432AD009E400F /* Products */ = {
			isa = PBXGroup;
			children = (
				6BB486E71C8432AD009E400F /* HelloIOS.app */,
				6BB486FC1C8432AD009E400F /* HelloIOSTests.xctest */,
			);
			name = Products;
			sourceTree = "<group>";
		};
		6BB486E91C8432AD009E400F /* HelloIOS */ = {
			isa = PBXGroup;
			children = (
				6BB486EC1C8432AD009E400F /* AppDelegate.swift */,
				6BB486EE1C8432AD009E400F /* ViewController.swift */,
				6BB486F01C8432AD009E400F /* Main.storyboard */,
				6BB486F31C8432AD009E400F /* Images.xcassets */,
				6BB486F51C8432AD009E400F /* LaunchScreen.xib */,
				6BB486EA1C8432AD009E400F /* Supporting Files */,
			);
			path = HelloIOS;
			sourceTree = "<group>";
		};
		6BB486EA1C8432AD009E400F /* Supporting Files */ = {
			isa = PBXGroup;
			children = (
				6BB486EB1C8432AD009E400F /* Info.plist */,
			);
			name = "Supporting Files";
			sourceTree = "<group>";
		};
		6BB486FF1C8432AD009E400F /* HelloIOSTests */ = {
			isa = PBXGroup;
			children = (
				6BB487021C8432AD009E400F /* HelloIOSTests.swift */,
				6BB487001C8432AD009E400F /* Supporting Files */,
			);
			path = HelloIOSTests;
			sourceTree = "<group>";
		};
		6BB487001C8432AD009E400F /* Supporting Files */ = {
			isa = PBXGroup;
			children = (
				6BB487011C8432AD009E400F /* Info.plist */,
			);
			name = "Supporting Files";
			sourceTree = "<group>";
		};
/* End PBXGroup section */

/* Begin PBXNativeTarget section */
		6BB486E61C8432AD009E400F /* HelloIOS */ = {
			isa = PBXNativeTarget;
			buildConfigurationList = 6BB487061C8432AD009E400F /* Build configuration list for PBXNativeTarget "HelloIOS" */;
			buildPhases = (
				6BB486E31C8432AD009E400F /* Sources */,
				6BB486E41C8432AD009E400F /* Frameworks */,
				6BB486E51C8432AD009E400F /* Resources */,
			);
			buildRules = (
			);
			dependencies = (
			);
			name = HelloIOS;
			productName = HelloIOS;
			productReference = 6BB486E71C8432AD009E400F /* HelloIOS.app */;
			productType = "com.apple.product-type.application";
		};
		6BB486FB1C8432AD009E400F /* HelloIOSTests */ = {
			isa = PBXNativeTarget;
			buildConfigurationList = 6BB487091C8432AD009E400F /* Build configuration list for PBXNativeTarget "HelloIOSTests" */;
			buildPhases = (
				6BB486F81C8432AD009E400F /* Sources */,
				6BB486F91C8432AD009E400F /* Frameworks */,
				6BB486FA1C8432AD009E400F /* Resources */,
			);
			buildRules = (
			);
			dependencies = (
				6BB486FE1C8432AD009E400F /* PBXTargetDependency */,
			);
			name = HelloIOSTests;
			productName = HelloIOSTests;
			productReference = 6BB486FC1C8432AD009E400F /* HelloIOSTests.xctest */;
			productType = "com.apple.product-type.bundle.unit-test";
		};
/* End PBXNativeTarget section */

/* Begin PBXProject section */
		6BB486DF1C8432AD009E400F /* Project object */ = {
			isa = PBXProject;
			attributes = {
				LastUpgradeCheck = 0620;
				ORGANIZATIONNAME = "Gupta, Pracheer";
				TargetAttributes = {
					6BB486E61C8432AD009E400F = {
						CreatedOnToolsVersion = 6.2;
					};
					6BB486FB1C8432AD009E400F = {
						CreatedOnToolsVersion = 6.2;
						TestTargetID = 6BB486E61C8432AD009E400F;
					};
				};
			};
			buildConfigurationList = 6BB486E21C8432AD009E400F /* Build configuration list for PBXProject "HelloIOS" */;
			compatibilityVersion = "Xcode 3.2";
			developmentRegion = English;
			hasScannedForEncodings = 0;
			knownRegions = (
				en,
				Base,
			);
			mainGroup = 6BB486DE1C8432AD009E400F;
			productRefGroup = 6BB486E81C8432AD009E400F /* Products */;
			projectDirPath = "";
			projectRoot = "";
			targets = (
				6BB486E61C8432AD009E400F /* HelloIOS */,
				6BB486FB1C8432AD009E400F /* HelloIOSTests */,
			);
		};
/* End PBXProject section */

/* Begin PBXResourcesBuildPhase section */
		6BB486E51C8432AD009E400F /* Resources */ = {
			isa = PBXResourcesBuildPhase;
			buildActionMask = 2147483647;
			files = (
				6BB486F21C8432AD009E400F /* Main.storyboard in Resources */,
				6BB486F71C8432AD009E400F /* LaunchScreen.xib in Resources */,
				6BB486F41C8432AD009E400F /* Images.xcassets in Resources */,
			);
			runOnlyForDeploymentPostprocessing = 0;
		};
		6BB486FA1C8432AD009E400F /* Resources */ = {
			isa = PBXResourcesBuildPhase;
			buildActionMask = 2147483647;
			files = (
			);
			runOnlyForDeploymentPostprocessing = 0;
		};
/* End PBXResourcesBuildPhase section */

/* Begin PBXSourcesBuildPhase section */
		6BB486E31C8432AD009E400F /* Sources */ = {
			isa = PBXSourcesBuildPhase;
			buildActionMask = 2147483647;
			files = (
				6BB486EF1C8432AD009E400F /* ViewController.swift in Sources */,
				6BB486ED1C8432AD009E400F /* AppDelegate.swift in Sources */,
			);
			runOnlyForDeploymentPostprocessing = 0;
		};
		6BB486F81C8432AD009E400F /* Sources */ = {
			isa = PBXSourcesBuildPhase;
			buildActionMask = 2147483647;
			files = (
				6BB487031C8432AD009E400F /* HelloIOSTests.swift in Sources */,
			);
			runOnlyForDeploymentPostprocessing = 0;
		};
/* End PBXSourcesBuildPhase section */

/* Begin PBXTargetDependency section */
		6BB486FE1C8432AD009E400F /* PBXTargetDependency */ = {
			isa = PBXTargetDependency;
			target = 6BB486E61C8432AD009E400F /* HelloIOS */;
			targetProxy = 6BB486FD1C8432AD009E400F /* PBXContainerItemProxy */;
		};
/* End PBXTargetDependency section */

/* Begin PBXVariantGroup section */
		6BB486F01C8432AD009E400F /* Main.storyboard */ = {
			isa = PBXVariantGroup;
			children = (
				6BB486F11C8432AD009E400F /* Base */,
			);
			name = Main.storyboard;
			sourceTree = "<group>";
		};
		6BB486F51C8432AD009E400F /* LaunchScreen.xib */ = {
			isa = PBXVariantGroup;
			children = (
				6BB486F61C8432AD009E400F /* Base */,
			);
			name = LaunchScreen.xib;
			sourceTree = "<group>";
		};
/* End PBXVariantGroup section */

/* Begin XCBuildConfiguration section */
		6BB487041C8432AD009E400F /* Debug */ = {
			isa = XCBuildConfiguration;
			buildSettings = {
				ALWAYS_SEARCH_USER_PATHS = NO;
				CLANG_CXX_LANGUAGE_STANDARD = "gnu++0x";
				CLANG_CXX_LIBRARY = "libc++";
				CLANG_ENABLE_MODULES = YES;
				CLANG_ENABLE_OBJC_ARC = YES;
				CLANG_WARN_BOOL_CONVERSION = YES;
				CLANG_WARN_CONSTANT_CONVERSION = YES;
				CLANG_WARN_DIRECT_OBJC_ISA_USAGE = YES_ERROR;
				CLANG_WARN_EMPTY_BODY = YES;
				CLANG_WARN_ENUM_CONVERSION = YES;
				CLANG_WARN_INT_CONVERSION = YES;
				CLANG_WARN_OBJC_ROOT_CLASS = YES_ERROR;
				CLANG_WARN_UNREACHABLE_CODE = YES;
				CLANG_WARN__DUPLICATE_METHOD_MATCH = YES;
				"CODE_SIGN_IDENTITY[sdk=iphoneos*]" = "iPhone Developer";
				COPY_PHASE_STRIP = NO;
				ENABLE_STRICT_OBJC_MSGSEND = YES;
				GCC_C_LANGUAGE_STANDARD = gnu99;
				GCC_DYNAMIC_NO_PIC = NO;
				GCC_OPTIMIZATION_LEVEL = 0;
				GCC_PREPROCESSOR_DEFINITIONS = (
					"DEBUG=1",
					"$(inherited)",
				);
				GCC_SYMBOLS_PRIVATE_EXTERN = NO;
				GCC_WARN_64_TO_32_BIT_CONVERSION = YES;
				GCC_WARN_ABOUT_RETURN_TYPE = YES_ERROR;
				GCC_WARN_UNDECLARED_SELECTOR = YES;
				GCC_WARN_UNINITIALIZED_AUTOS = YES_AGGRESSIVE;
				GCC_WARN_UNUSED_FUNCTION = YES;
				GCC_WARN_UNUSED_VARIABLE = YES;
				IPHONEOS_DEPLOYMENT_TARGET = 8.2;
				MTL_ENABLE_DEBUG_INFO = YES;
				ONLY_ACTIVE_ARCH = YES;
				SDKROOT = iphoneos;
				SWIFT_OPTIMIZATION_LEVEL = "-Onone";
			};
			name = Debug;
		};
		6BB487051C8432AD009E400F /* Release */ = {
			isa = XCBuildConfiguration;
			buildSettings = {
				ALWAYS_SEARCH_USER_PATHS = NO;
				CLANG_CXX_LANGUAGE_STANDARD = "gnu++0x";
				CLANG_CXX_LIBRARY = "libc++";
				CLANG_ENABLE_MODULES = YES;
				CLANG_ENABLE_OBJC_ARC = YES;
				CLANG_WARN_BOOL_CONVERSION = YES;
				CLANG_WARN_CONSTANT_CONVERSION = YES;
				CLANG_WARN_DIRECT_OBJC_ISA_USAGE = YES_ERROR;
				CLANG_WARN_EMPTY_BODY = YES;
				CLANG_WARN_ENUM_CONVERSION = YES;
				CLANG_WARN_INT_CONVERSION = YES;
				CLANG_WARN_OBJC_ROOT_CLASS = YES_ERROR;
				CLANG_WARN_UNREACHABLE_CODE = YES;
				CLANG_WARN__DUPLICATE_METHOD_MATCH = YES;
				"CODE_SIGN_IDENTITY[sdk=iphoneos*]" = "iPhone Developer";
				COPY_PHASE_STRIP = NO;
				ENABLE_NS_ASSERTIONS = NO;
				ENABLE_STRICT_OBJC_MSGSEND = YES;
				GCC_C_LANGUAGE_STANDARD = gnu99;
				GCC_WARN_64_TO_32_BIT_CONVERSION = YES;
				GCC_WARN_ABOUT_RETURN_TYPE = YES_ERROR;
				GCC_WARN_UNDECLARED_SELECTOR = YES;
				GCC_WARN_UNINITIALIZED_AUTOS = YES_AGGRESSIVE;
				GCC_WARN_UNUSED_FUNCTION = YES;
				GCC_WARN_UNUSED_VARIABLE = YES;
				IPHONEOS_DEPLOYMENT_TARGET = 8.2;
				MTL_ENABLE_DEBUG_INFO = NO;
				SDKROOT = iphoneos;
				VALIDATE_PRODUCT = YES;
			};
			name = Release;
		};
		6BB487071C8432AD009E400F /* Debug */ = {
			isa = XCBuildConfiguration;
			buildSettings = {
				ASSETCATALOG_COMPILER_APPICON_NAME = AppIcon;
				INFOPLIST_FILE = HelloIOS/Info.plist;
				LD_RUNPATH_SEARCH_PATHS = "$(inherited) @executable_path/Frameworks";
				PRODUCT_NAME = "$(TARGET_NAME)";
			};
			name = Debug;
		};
		6BB487081C8432AD009E400F /* Release */ = {
			isa = XCBuildConfiguration;
			buildSettings = {
				ASSETCATALOG_COMPILER_APPICON_NAME = AppIcon;
				INFOPLIST_FILE = HelloIOS/Info.plist;
				LD_RUNPATH_SEARCH_PATHS = "$(inherited) @executable_path/Frameworks";
				PRODUCT_NAME = "$(TARGET_NAME)";
			};
			name = Release;
		};
		6BB4870A1C8432AD009E400F /* Debug */ = {
			isa = XCBuildConfiguration;
			buildSettings = {
				BUNDLE_LOADER = "$(TEST_HOST)";
				FRAMEWORK_SEARCH_PATHS = (
					"$(SDKROOT)/Developer/Library/Frameworks",
					"$(inherited)",
				);
				GCC_PREPROCESSOR_DEFINITIONS = (
					"DEBUG=1",
					"$(inherited)",
				);
				INFOPLIST_FILE = HelloIOSTests/Info.plist;
				LD_RUNPATH_SEARCH_PATHS = "$(inherited) @executable_path/Frameworks @loader_path/Frameworks";
				PRODUCT_NAME = "$(TARGET_NAME)";
				TEST_HOST = "$(BUILT_PRODUCTS_DIR)/HelloIOS.app/HelloIOS";
			};
			name = Debug;
		};
		6BB4870B1C8432AD009E400F /* Release */ = {
			isa = XCBuildConfiguration;
			buildSettings = {
				BUNDLE_LOADER = "$(TEST_HOST)";
				FRAMEWORK_SEARCH_PATHS = (
					"$(SDKROOT)/Developer/Library/Frameworks",
					"$(inherited)",
				);
				INFOPLIST_FILE = HelloIOSTests/Info.plist;
				LD_RUNPATH_SEARCH_PATHS = "$(inherited) @executable_path/Frameworks @loader_path/Frameworks";
				PRODUCT_NAME = "$(TARGET_NAME)";
				TEST_HOST = "$(BUILT_PRODUCTS_DIR)/HelloIOS.app/HelloIOS";
			};
			name = Release;
		};
/* End XCBuildConfiguration section */

/* Begin XCConfigurationList section */
		6BB486E21C8432AD009E400F /* Build configuration list for PBXProject "HelloIOS" */ = {
			isa = XCConfigurationList;
			buildConfigurations = (
				6BB487041C8432AD009E400F /* Debug */,
				6BB487051C8432AD009E400F /* Release */,
			);
			defaultConfigurationIsVisible = 0;
			defaultConfigurationName = Release;
		};
		6BB487061C8432AD009E400F /* Build configuration list for PBXNativeTarget "HelloIOS" */ = {
			isa = XCConfigurationList;
			buildConfigurations = (
				6BB487071C8432AD009E400F /* Debug */,
				6BB487081C8432AD009E400F /* Release */,
			);
			defaultConfigurationIsVisible = 0;
		};
		6BB487091C8432AD009E400F /* Build configuration list for PBXNativeTarget "HelloIOSTests" */ = {
			isa = XCConfigurationList;
			buildConfigurations = (
				6BB4870A1C8432AD009E400F /* Debug */,
				6BB4870B1C8432AD009E400F /* Release */,
			);
			defaultConfigurationIsVisible = 0;
		};
/* End XCConfigurationList section */
	};
	rootObject = 6BB486DF1C8432AD009E400F /* Project object */;
}
